
Microsoft Visual Studio Solution File, Format Version 12.00
# Visual Studio Version 16
VisualStudioVersion = 16.0.31205.134
MinimumVisualStudioVersion = 10.0.40219.1
Project("{FAE04EC0-301F-11D3-BF4B-00C04F79EFBC}") = "UC-3_LineComparision", "UC-3_LineComparision\UC-3_LineComparision.csproj", "{DA479655-E603-4E29-A4AC-5793CA44E473}"
EndProject
Global
	GlobalSection(SolutionConfigurationPlatforms) = preSolution
		Debug|Any CPU = Debug|Any CPU
		Release|Any CPU = Release|Any CPU
	EndGlobalSection
	GlobalSection(ProjectConfigurationPlatforms) = postSolution
		{DA479655-E603-4E29-A4AC-5793CA44E473}.Debug|Any CPU.ActiveCfg = Debug|Any CPU
		{DA479655-E603-4E29-A4AC-5793CA44E473}.Debug|Any CPU.Build.0 = Debug|Any CPU
		{DA479655-E603-4E29-A4AC-5793CA44E473}.Release|Any CPU.ActiveCfg = Release|Any CPU
		{DA479655-E603-4E29-A4AC-5793CA44E473}.Release|Any CPU.Build.0 = Release|Any CPU
	EndGlobalSection
	GlobalSection(SolutionProperties) = preSolution
		HideSolutionNode = FALSE
	EndGlobalSection
	GlobalSection(ExtensibilityGlobals) = postSolution
		SolutionGuid = {B96FBF93-4A19-4251-A8F5-22BB02F4822C}
	EndGlobalSection
EndGlobal
